
Microsoft Visual Studio Solution File, Format Version 12.00
# Visual Studio Version 17
VisualStudioVersion = 17.5.002.0
MinimumVisualStudioVersion = 10.0.40219.1
Project("{9A19103F-16F7-4668-BE54-9A1E7A4F7556}") = "Stopwatch", "Stopwatch.csproj", "{EB6C7CBA-F11A-433F-BAEE-48ABB64311B3}"
EndProject
Global
	GlobalSection(SolutionConfigurationPlatforms) = preSolution
		Debug|Any CPU = Debug|Any CPU
		Release|Any CPU = Release|Any CPU
	EndGlobalSection
	GlobalSection(ProjectConfigurationPlatforms) = postSolution
		{EB6C7CBA-F11A-433F-BAEE-48ABB64311B3}.Debug|Any CPU.ActiveCfg = Debug|Any CPU
		{EB6C7CBA-F11A-433F-BAEE-48ABB64311B3}.Debug|Any CPU.Build.0 = Debug|Any CPU
		{EB6C7CBA-F11A-433F-BAEE-48ABB64311B3}.Release|Any CPU.ActiveCfg = Release|Any CPU
		{EB6C7CBA-F11A-433F-BAEE-48ABB64311B3}.Release|Any CPU.Build.0 = Release|Any CPU
	EndGlobalSection
	GlobalSection(SolutionProperties) = preSolution
		HideSolutionNode = FALSE
	EndGlobalSection
	GlobalSection(ExtensibilityGlobals) = postSolution
		SolutionGuid = {714CB215-BF85-43F0-A954-3985EBB1D975}
	EndGlobalSection
EndGlobal
